{
  "name": "npi",
  "lockfileVersion": 3,
  "requires": true,
  "packages": {
    "": {
      "dependencies": {
        "leapjs": "^0.6.4"
      }
    },
    "node_modules/commander": {
      "version": "0.6.1",
      "resolved": "https://registry.npmjs.org/commander/-/commander-0.6.1.tgz",
      "integrity": "sha512-0fLycpl1UMTGX257hRsu/arL/cUbcvQM4zMKwvLvzXtfdezIV4yotPS2dYtknF+NmEfWSoCEF6+hj9XLm/6hEw==",
      "engines": {
        "node": ">= 0.4.x"
      }
    },
    "node_modules/gl-matrix": {
      "version": "2.2.1",
      "resolved": "https://registry.npmjs.org/gl-matrix/-/gl-matrix-2.2.1.tgz",
      "integrity": "sha512-Zlfp7U6fbQptPxlHfGvpa/J/dvSIqn5/9hNCrZbMJLfhkSf+h5h6H5ryyVlhAG6y/nai5j3Ls6uR+0jYm88NjA==",
      "license": "BSD"
    },
    "node_modules/leapjs": {
      "version": "0.6.4",
      "resolved": "https://registry.npmjs.org/leapjs/-/leapjs-0.6.4.tgz",
      "integrity": "sha512-Jhyz8zpPG9aP2UbURDoW62fwnpElIaKOnfDPAEdnGPJJABz3PcQsVXtcDCBYRfyuHACCG48+Bqw9qsTi8wu0iw==",
      "license": "Apache-2.0",
      "dependencies": {
        "gl-matrix": "2.2.1",
        "underscore": "1.4.4",
        "ws": "0.4.25"
      }
    },
    "node_modules/options": {
      "version": "0.0.6",
      "resolved": "https://registry.npmjs.org/options/-/options-0.0.6.tgz",
      "integrity": "sha512-bOj3L1ypm++N+n7CEbbe473A414AB7z+amKYshRb//iuL3MpdDCLhPnw6aVTdKB9g5ZRVHIEp8eUln6L2NUStg==",
      "engines": {
        "node": ">=0.4.0"
      }
    },
    "node_modules/tinycolor": {
      "version": "0.0.1",
      "resolved": "https://registry.npmjs.org/tinycolor/-/tinycolor-0.0.1.tgz",
      "integrity": "sha512-+CorETse1kl98xg0WAzii8DTT4ABF4R3nquhrkIbVGcw1T8JYs5Gfx9xEfGINPUZGDj9C4BmOtuKeaTtuuRolg==",
      "engines": {
        "node": ">=0.4.0"
      }
    },
    "node_modules/underscore": {
      "version": "1.4.4",
      "resolved": "https://registry.npmjs.org/underscore/-/underscore-1.4.4.tgz",
      "integrity": "sha512-ZqGrAgaqqZM7LGRzNjLnw5elevWb5M8LEoDMadxIW3OWbcv72wMMgKdwOKpd5Fqxe8choLD8HN3iSj3TUh/giQ=="
    },
    "node_modules/ws": {
      "version": "0.4.25",
      "resolved": "https://registry.npmjs.org/ws/-/ws-0.4.25.tgz",
      "integrity": "sha512-ASP1k38vOs5Wfqm7s3344g1l87J74byfyrFQIf0nsUcofnMJ2sQCD4DokP/n7oHVBh5xQ71rRJi18PQhi0fYPQ==",
      "hasInstallScript": true,
      "dependencies": {
        "commander": "~0.6.1",
        "options": "latest",
        "tinycolor": "0.x"
      },
      "bin": {
        "wscat": "bin/wscat"
      },
      "engines": {
        "node": ">=0.4.0"
      }
    }
  }
}
